
Microsoft Visual Studio Solution File, Format Version 10.00
# Visual C++ Express 2008
Project("{8BC9CEB8-8B4A-11D0-8D11-00A0C91BC942}") = "libwtcdb", "libwtcdb\libwtcdb.vcproj", "{A7406395-A3D5-41C4-9BF9-F40165EABB35}"
	ProjectSection(ProjectDependencies) = postProject
		{BD3A95FA-A3DE-4B79-A889-A7E5ECA4B69C} = {BD3A95FA-A3DE-4B79-A889-A7E5ECA4B69C}
		{B9332DC8-7594-47DF-80C1-38922E0F4DFB} = {B9332DC8-7594-47DF-80C1-38922E0F4DFB}
		{CEDF8919-00B2-4D8A-88CC-84ADB2D2FF89} = {CEDF8919-00B2-4D8A-88CC-84ADB2D2FF89}
		{5304AD69-D449-4589-B2C9-E4607E56A51D} = {5304AD69-D449-4589-B2C9-E4607E56A51D}
		{B86FB73A-4ACC-42DE-9545-586D93955B06} = {B86FB73A-4ACC-42DE-9545-586D93955B06}
		{BC27FF34-C859-4A1A-95D6-FC89952E1910} = {BC27FF34-C859-4A1A-95D6-FC89952E1910}
		{4C93BDD3-1804-47F3-9B34-F2DE0CAE1AE0} = {4C93BDD3-1804-47F3-9B34-F2DE0CAE1AE0}
		{3FFB9C05-1145-45A7-9ADE-5C8D70FBD7CA} = {3FFB9C05-1145-45A7-9ADE-5C8D70FBD7CA}
		{41CFAFBF-A1C8-4704-AFEF-31979E6452B9} = {41CFAFBF-A1C8-4704-AFEF-31979E6452B9}
		{25C60507-39C6-4564-912D-DA2E7482A00F} = {25C60507-39C6-4564-912D-DA2E7482A00F}
	EndProjectSection
EndProject
Project("{8BC9CEB8-8B4A-11D0-8D11-00A0C91BC942}") = "wtcdbexport", "wtcdbexport\wtcdbexport.vcproj", "{E68A76A1-C862-433D-A53A-115B8F7D276B}"
	ProjectSection(ProjectDependencies) = postProject
		{4C93BDD3-1804-47F3-9B34-F2DE0CAE1AE0} = {4C93BDD3-1804-47F3-9B34-F2DE0CAE1AE0}
		{3FFB9C05-1145-45A7-9ADE-5C8D70FBD7CA} = {3FFB9C05-1145-45A7-9ADE-5C8D70FBD7CA}
		{BC27FF34-C859-4A1A-95D6-FC89952E1910} = {BC27FF34-C859-4A1A-95D6-FC89952E1910}
		{B86FB73A-4ACC-42DE-9545-586D93955B06} = {B86FB73A-4ACC-42DE-9545-586D93955B06}
		{5304AD69-D449-4589-B2C9-E4607E56A51D} = {5304AD69-D449-4589-B2C9-E4607E56A51D}
		{CEDF8919-00B2-4D8A-88CC-84ADB2D2FF89} = {CEDF8919-00B2-4D8A-88CC-84ADB2D2FF89}
		{A7406395-A3D5-41C4-9BF9-F40165EABB35} = {A7406395-A3D5-41C4-9BF9-F40165EABB35}
		{BD3A95FA-A3DE-4B79-A889-A7E5ECA4B69C} = {BD3A95FA-A3DE-4B79-A889-A7E5ECA4B69C}
	EndProjectSection
EndProject
Project("{8BC9CEB8-8B4A-11D0-8D11-00A0C91BC942}") = "wtcdbinfo", "wtcdbinfo\wtcdbinfo.vcproj", "{2AE7161C-B52A-46B6-85EF-D5CEC50C56B3}"
	ProjectSection(ProjectDependencies) = postProject
		{25C60507-39C6-4564-912D-DA2E7482A00F} = {25C60507-39C6-4564-912D-DA2E7482A00F}
		{5304AD69-D449-4589-B2C9-E4607E56A51D} = {5304AD69-D449-4589-B2C9-E4607E56A51D}
		{CEDF8919-00B2-4D8A-88CC-84ADB2D2FF89} = {CEDF8919-00B2-4D8A-88CC-84ADB2D2FF89}
		{A7406395-A3D5-41C4-9BF9-F40165EABB35} = {A7406395-A3D5-41C4-9BF9-F40165EABB35}
		{BD3A95FA-A3DE-4B79-A889-A7E5ECA4B69C} = {BD3A95FA-A3DE-4B79-A889-A7E5ECA4B69C}
	EndProjectSection
EndProject
Project("{8BC9CEB8-8B4A-11D0-8D11-00A0C91BC942}") = "libclocale", "libclocale\libclocale.vcproj", "{CEDF8919-00B2-4D8A-88CC-84ADB2D2FF89}"
	ProjectSection(ProjectDependencies) = postProject
		{BD3A95FA-A3DE-4B79-A889-A7E5ECA4B69C} = {BD3A95FA-A3DE-4B79-A889-A7E5ECA4B69C}
	EndProjectSection
EndProject
Project("{8BC9CEB8-8B4A-11D0-8D11-00A0C91BC942}") = "libuna", "libuna\libuna.vcproj", "{BC27FF34-C859-4A1A-95D6-FC89952E1910}"
	ProjectSection(ProjectDependencies) = postProject
		{BD3A95FA-A3DE-4B79-A889-A7E5ECA4B69C} = {BD3A95FA-A3DE-4B79-A889-A7E5ECA4B69C}
	EndProjectSection
EndProject
Project("{8BC9CEB8-8B4A-11D0-8D11-00A0C91BC942}") = "libcsplit", "libcsplit\libcsplit.vcproj", "{B86FB73A-4ACC-42DE-9545-586D93955B06}"
	ProjectSection(ProjectDependencies) = postProject
		{BD3A95FA-A3DE-4B79-A889-A7E5ECA4B69C} = {BD3A95FA-A3DE-4B79-A889-A7E5ECA4B69C}
	EndProjectSection
EndProject
Project("{8BC9CEB8-8B4A-11D0-8D11-00A0C91BC942}") = "wtcdb_test_cache_entry", "wtcdb_test_cache_entry\wtcdb_test_cache_entry.vcproj", "{DA0851F1-857F-4608-B939-333C3481C1AE}"
	ProjectSection(ProjectDependencies) = postProject
		{A7406395-A3D5-41C4-9BF9-F40165EABB35} = {A7406395-A3D5-41C4-9BF9-F40165EABB35}
		{BD3A95FA-A3DE-4B79-A889-A7E5ECA4B69C} = {BD3A95FA-A3DE-4B79-A889-A7E5ECA4B69C}
	EndProjectSection
EndProject
Project("{8BC9CEB8-8B4A-11D0-8D11-00A0C91BC942}") = "wtcdb_test_crc", "wtcdb_test_crc\wtcdb_test_crc.vcproj", "{6887E27F-EC1B-4C62-825B-74FDDB0EE2C6}"
	ProjectSection(ProjectDependencies) = postProject
		{A7406395-A3D5-41C4-9BF9-F40165EABB35} = {A7406395-A3D5-41C4-9BF9-F40165EABB35}
		{BD3A95FA-A3DE-4B79-A889-A7E5ECA4B69C} = {BD3A95FA-A3DE-4B79-A889-A7E5ECA4B69C}
	EndProjectSection
EndProject
Project("{8BC9CEB8-8B4A-11D0-8D11-00A0C91BC942}") = "wtcdb_test_error", "wtcdb_test_error\wtcdb_test_error.vcproj", "{A6D3A867-F4F8-41E8-AB81-548CA4121DC7}"
	ProjectSection(ProjectDependencies) = postProject
		{A7406395-A3D5-41C4-9BF9-F40165EABB35} = {A7406395-A3D5-41C4-9BF9-F40165EABB35}
	EndProjectSection
EndProject
Project("{8BC9CEB8-8B4A-11D0-8D11-00A0C91BC942}") = "wtcdb_test_file", "wtcdb_test_file\wtcdb_test_file.vcproj", "{4D6CFA4F-B550-45FE-A779-E684B8B867A9}"
	ProjectSection(ProjectDependencies) = postProject
		{41CFAFBF-A1C8-4704-AFEF-31979E6452B9} = {41CFAFBF-A1C8-4704-AFEF-31979E6452B9}
		{3FFB9C05-1145-45A7-9ADE-5C8D70FBD7CA} = {3FFB9C05-1145-45A7-9ADE-5C8D70FBD7CA}
		{4C93BDD3-1804-47F3-9B34-F2DE0CAE1AE0} = {4C93BDD3-1804-47F3-9B34-F2DE0CAE1AE0}
		{BC27FF34-C859-4A1A-95D6-FC89952E1910} = {BC27FF34-C859-4A1A-95D6-FC89952E1910}
		{B86FB73A-4ACC-42DE-9545-586D93955B06} = {B86FB73A-4ACC-42DE-9545-586D93955B06}
		{5304AD69-D449-4589-B2C9-E4607E56A51D} = {5304AD69-D449-4589-B2C9-E4607E56A51D}
		{CEDF8919-00B2-4D8A-88CC-84ADB2D2FF89} = {CEDF8919-00B2-4D8A-88CC-84ADB2D2FF89}
		{B9332DC8-7594-47DF-80C1-38922E0F4DFB} = {B9332DC8-7594-47DF-80C1-38922E0F4DFB}
		{A7406395-A3D5-41C4-9BF9-F40165EABB35} = {A7406395-A3D5-41C4-9BF9-F40165EABB35}
		{5411BF74-55D7-405A-BBEF-F20AB547947B} = {5411BF74-55D7-405A-BBEF-F20AB547947B}
		{BD3A95FA-A3DE-4B79-A889-A7E5ECA4B69C} = {BD3A95FA-A3DE-4B79-A889-A7E5ECA4B69C}
	EndProjectSection
EndProject
Project("{8BC9CEB8-8B4A-11D0-8D11-00A0C91BC942}") = "wtcdb_test_file_header", "wtcdb_test_file_header\wtcdb_test_file_header.vcproj", "{BD95D46F-F94F-4A0B-8FC5-B6822309D2F9}"
	ProjectSection(ProjectDependencies) = postProject
		{A7406395-A3D5-41C4-9BF9-F40165EABB35} = {A7406395-A3D5-41C4-9BF9-F40165EABB35}
		{BD3A95FA-A3DE-4B79-A889-A7E5ECA4B69C} = {BD3A95FA-A3DE-4B79-A889-A7E5ECA4B69C}
	EndProjectSection
EndProject
Project("{8BC9CEB8-8B4A-11D0-8D11-00A0C91BC942}") = "wtcdb_test_index_entry", "wtcdb_test_index_entry\wtcdb_test_index_entry.vcproj", "{6CD21E7D-3C3C-4DDD-9F12-83229CCDF6C3}"
	ProjectSection(ProjectDependencies) = postProject
		{A7406395-A3D5-41C4-9BF9-F40165EABB35} = {A7406395-A3D5-41C4-9BF9-F40165EABB35}
		{BD3A95FA-A3DE-4B79-A889-A7E5ECA4B69C} = {BD3A95FA-A3DE-4B79-A889-A7E5ECA4B69C}
	EndProjectSection
EndProject
Project("{8BC9CEB8-8B4A-11D0-8D11-00A0C91BC942}") = "wtcdb_test_io_handle", "wtcdb_test_io_handle\wtcdb_test_io_handle.vcproj", "{9DF074A3-4054-460E-9CDF-38F3C3353DF9}"
	ProjectSection(ProjectDependencies) = postProject
		{A7406395-A3D5-41C4-9BF9-F40165EABB35} = {A7406395-A3D5-41C4-9BF9-F40165EABB35}
		{BD3A95FA-A3DE-4B79-A889-A7E5ECA4B69C} = {BD3A95FA-A3DE-4B79-A889-A7E5ECA4B69C}
	EndProjectSection
EndProject
Project("{8BC9CEB8-8B4A-11D0-8D11-00A0C91BC942}") = "wtcdb_test_item", "wtcdb_test_item\wtcdb_test_item.vcproj", "{DF16B67B-F8E3-439B-A923-7B3F638112A1}"
	ProjectSection(ProjectDependencies) = postProject
		{A7406395-A3D5-41C4-9BF9-F40165EABB35} = {A7406395-A3D5-41C4-9BF9-F40165EABB35}
		{BD3A95FA-A3DE-4B79-A889-A7E5ECA4B69C} = {BD3A95FA-A3DE-4B79-A889-A7E5ECA4B69C}
	EndProjectSection
EndProject
Project("{8BC9CEB8-8B4A-11D0-8D11-00A0C91BC942}") = "wtcdb_test_notify", "wtcdb_test_notify\wtcdb_test_notify.vcproj", "{1CE1C85B-9E18-49AD-A4A6-02A56ED1F8EA}"
	ProjectSection(ProjectDependencies) = postProject
		{A7406395-A3D5-41C4-9BF9-F40165EABB35} = {A7406395-A3D5-41C4-9BF9-F40165EABB35}
	EndProjectSection
EndProject
Project("{8BC9CEB8-8B4A-11D0-8D11-00A0C91BC942}") = "wtcdb_test_support", "wtcdb_test_support\wtcdb_test_support.vcproj", "{85A578FE-0B05-45C4-8EB3-15291FF90AC0}"
	ProjectSection(ProjectDependencies) = postProject
		{41CFAFBF-A1C8-4704-AFEF-31979E6452B9} = {41CFAFBF-A1C8-4704-AFEF-31979E6452B9}
		{3FFB9C05-1145-45A7-9ADE-5C8D70FBD7CA} = {3FFB9C05-1145-45A7-9ADE-5C8D70FBD7CA}
		{4C93BDD3-1804-47F3-9B34-F2DE0CAE1AE0} = {4C93BDD3-1804-47F3-9B34-F2DE0CAE1AE0}
		{BC27FF34-C859-4A1A-95D6-FC89952E1910} = {BC27FF34-C859-4A1A-95D6-FC89952E1910}
		{B86FB73A-4ACC-42DE-9545-586D93955B06} = {B86FB73A-4ACC-42DE-9545-586D93955B06}
		{5304AD69-D449-4589-B2C9-E4607E56A51D} = {5304AD69-D449-4589-B2C9-E4607E56A51D}
		{CEDF8919-00B2-4D8A-88CC-84ADB2D2FF89} = {CEDF8919-00B2-4D8A-88CC-84ADB2D2FF89}
		{B9332DC8-7594-47DF-80C1-38922E0F4DFB} = {B9332DC8-7594-47DF-80C1-38922E0F4DFB}
		{A7406395-A3D5-41C4-9BF9-F40165EABB35} = {A7406395-A3D5-41C4-9BF9-F40165EABB35}
		{BD3A95FA-A3DE-4B79-A889-A7E5ECA4B69C} = {BD3A95FA-A3DE-4B79-A889-A7E5ECA4B69C}
	EndProjectSection
EndProject
Project("{8BC9CEB8-8B4A-11D0-8D11-00A0C91BC942}") = "libcdata", "libcdata\libcdata.vcproj", "{B9332DC8-7594-47DF-80C1-38922E0F4DFB}"
	ProjectSection(ProjectDependencies) = postProject
		{BD3A95FA-A3DE-4B79-A889-A7E5ECA4B69C} = {BD3A95FA-A3DE-4B79-A889-A7E5ECA4B69C}
		{5411BF74-55D7-405A-BBEF-F20AB547947B} = {5411BF74-55D7-405A-BBEF-F20AB547947B}
	EndProjectSection
EndProject
Project("{8BC9CEB8-8B4A-11D0-8D11-00A0C91BC942}") = "libbfio", "libbfio\libbfio.vcproj", "{41CFAFBF-A1C8-4704-AFEF-31979E6452B9}"
	ProjectSection(ProjectDependencies) = postProject
		{BD3A95FA-A3DE-4B79-A889-A7E5ECA4B69C} = {BD3A95FA-A3DE-4B79-A889-A7E5ECA4B69C}
		{5411BF74-55D7-405A-BBEF-F20AB547947B} = {5411BF74-55D7-405A-BBEF-F20AB547947B}
		{CEDF8919-00B2-4D8A-88CC-84ADB2D2FF89} = {CEDF8919-00B2-4D8A-88CC-84ADB2D2FF89}
		{5304AD69-D449-4589-B2C9-E4607E56A51D} = {5304AD69-D449-4589-B2C9-E4607E56A51D}
		{B9332DC8-7594-47DF-80C1-38922E0F4DFB} = {B9332DC8-7594-47DF-80C1-38922E0F4DFB}
		{B86FB73A-4ACC-42DE-9545-586D93955B06} = {B86FB73A-4ACC-42DE-9545-586D93955B06}
		{4C93BDD3-1804-47F3-9B34-F2DE0CAE1AE0} = {4C93BDD3-1804-47F3-9B34-F2DE0CAE1AE0}
		{3FFB9C05-1145-45A7-9ADE-5C8D70FBD7CA} = {3FFB9C05-1145-45A7-9ADE-5C8D70FBD7CA}
		{BC27FF34-C859-4A1A-95D6-FC89952E1910} = {BC27FF34-C859-4A1A-95D6-FC89952E1910}
	EndProjectSection
EndProject
Project("{8BC9CEB8-8B4A-11D0-8D11-00A0C91BC942}") = "libfdatetime", "libfdatetime\libfdatetime.vcproj", "{25C60507-39C6-4564-912D-DA2E7482A00F}"
	ProjectSection(ProjectDependencies) = postProject
		{BD3A95FA-A3DE-4B79-A889-A7E5ECA4B69C} = {BD3A95FA-A3DE-4B79-A889-A7E5ECA4B69C}
	EndProjectSection
EndProject
Project("{8BC9CEB8-8B4A-11D0-8D11-00A0C91BC942}") = "libcnotify", "libcnotify\libcnotify.vcproj", "{5304AD69-D449-4589-B2C9-E4607E56A51D}"
	ProjectSection(ProjectDependencies) = postProject
		{BD3A95FA-A3DE-4B79-A889-A7E5ECA4B69C} = {BD3A95FA-A3DE-4B79-A889-A7E5ECA4B69C}
	EndProjectSection
EndProject
Project("{8BC9CEB8-8B4A-11D0-8D11-00A0C91BC942}") = "libcfile", "libcfile\libcfile.vcproj", "{4C93BDD3-1804-47F3-9B34-F2DE0CAE1AE0}"
	ProjectSection(ProjectDependencies) = postProject
		{BD3A95FA-A3DE-4B79-A889-A7E5ECA4B69C} = {BD3A95FA-A3DE-4B79-A889-A7E5ECA4B69C}
		{CEDF8919-00B2-4D8A-88CC-84ADB2D2FF89} = {CEDF8919-00B2-4D8A-88CC-84ADB2D2FF89}
		{5304AD69-D449-4589-B2C9-E4607E56A51D} = {5304AD69-D449-4589-B2C9-E4607E56A51D}
		{BC27FF34-C859-4A1A-95D6-FC89952E1910} = {BC27FF34-C859-4A1A-95D6-FC89952E1910}
	EndProjectSection
EndProject
Project("{8BC9CEB8-8B4A-11D0-8D11-00A0C91BC942}") = "libcthreads", "libcthreads\libcthreads.vcproj", "{5411BF74-55D7-405A-BBEF-F20AB547947B}"
	ProjectSection(ProjectDependencies) = postProject
		{BD3A95FA-A3DE-4B79-A889-A7E5ECA4B69C} = {BD3A95FA-A3DE-4B79-A889-A7E5ECA4B69C}
	EndProjectSection
EndProject
Project("{8BC9CEB8-8B4A-11D0-8D11-00A0C91BC942}") = "libcerror", "libcerror\libcerror.vcproj", "{BD3A95FA-A3DE-4B79-A889-A7E5ECA4B69C}"
EndProject
Project("{8BC9CEB8-8B4A-11D0-8D11-00A0C91BC942}") = "libcpath", "libcpath\libcpath.vcproj", "{3FFB9C05-1145-45A7-9ADE-5C8D70FBD7CA}"
	ProjectSection(ProjectDependencies) = postProject
		{BD3A95FA-A3DE-4B79-A889-A7E5ECA4B69C} = {BD3A95FA-A3DE-4B79-A889-A7E5ECA4B69C}
		{CEDF8919-00B2-4D8A-88CC-84ADB2D2FF89} = {CEDF8919-00B2-4D8A-88CC-84ADB2D2FF89}
		{B86FB73A-4ACC-42DE-9545-586D93955B06} = {B86FB73A-4ACC-42DE-9545-586D93955B06}
		{BC27FF34-C859-4A1A-95D6-FC89952E1910} = {BC27FF34-C859-4A1A-95D6-FC89952E1910}
	EndProjectSection
EndProject
Global
	GlobalSection(SolutionConfigurationPlatforms) = preSolution
		Release|Win32 = Release|Win32
		VSDebug|Win32 = VSDebug|Win32
	EndGlobalSection
	GlobalSection(ProjectConfigurationPlatforms) = postSolution
		{A7406395-A3D5-41C4-9BF9-F40165EABB35}.Release|Win32.ActiveCfg = Release|Win32
		{A7406395-A3D5-41C4-9BF9-F40165EABB35}.Release|Win32.Build.0 = Release|Win32
		{A7406395-A3D5-41C4-9BF9-F40165EABB35}.VSDebug|Win32.ActiveCfg = VSDebug|Win32
		{A7406395-A3D5-41C4-9BF9-F40165EABB35}.VSDebug|Win32.Build.0 = VSDebug|Win32
		{E68A76A1-C862-433D-A53A-115B8F7D276B}.Release|Win32.ActiveCfg = Release|Win32
		{E68A76A1-C862-433D-A53A-115B8F7D276B}.Release|Win32.Build.0 = Release|Win32
		{E68A76A1-C862-433D-A53A-115B8F7D276B}.VSDebug|Win32.ActiveCfg = VSDebug|Win32
		{E68A76A1-C862-433D-A53A-115B8F7D276B}.VSDebug|Win32.Build.0 = VSDebug|Win32
		{2AE7161C-B52A-46B6-85EF-D5CEC50C56B3}.Release|Win32.ActiveCfg = Release|Win32
		{2AE7161C-B52A-46B6-85EF-D5CEC50C56B3}.Release|Win32.Build.0 = Release|Win32
		{2AE7161C-B52A-46B6-85EF-D5CEC50C56B3}.VSDebug|Win32.ActiveCfg = VSDebug|Win32
		{2AE7161C-B52A-46B6-85EF-D5CEC50C56B3}.VSDebug|Win32.Build.0 = VSDebug|Win32
		{CEDF8919-00B2-4D8A-88CC-84ADB2D2FF89}.Release|Win32.ActiveCfg = Release|Win32
		{CEDF8919-00B2-4D8A-88CC-84ADB2D2FF89}.Release|Win32.Build.0 = Release|Win32
		{CEDF8919-00B2-4D8A-88CC-84ADB2D2FF89}.VSDebug|Win32.ActiveCfg = VSDebug|Win32
		{CEDF8919-00B2-4D8A-88CC-84ADB2D2FF89}.VSDebug|Win32.Build.0 = VSDebug|Win32
		{BC27FF34-C859-4A1A-95D6-FC89952E1910}.Release|Win32.ActiveCfg = Release|Win32
		{BC27FF34-C859-4A1A-95D6-FC89952E1910}.Release|Win32.Build.0 = Release|Win32
		{BC27FF34-C859-4A1A-95D6-FC89952E1910}.VSDebug|Win32.ActiveCfg = VSDebug|Win32
		{BC27FF34-C859-4A1A-95D6-FC89952E1910}.VSDebug|Win32.Build.0 = VSDebug|Win32
		{B86FB73A-4ACC-42DE-9545-586D93955B06}.Release|Win32.ActiveCfg = Release|Win32
		{B86FB73A-4ACC-42DE-9545-586D93955B06}.Release|Win32.Build.0 = Release|Win32
		{B86FB73A-4ACC-42DE-9545-586D93955B06}.VSDebug|Win32.ActiveCfg = VSDebug|Win32
		{B86FB73A-4ACC-42DE-9545-586D93955B06}.VSDebug|Win32.Build.0 = VSDebug|Win32
		{DA0851F1-857F-4608-B939-333C3481C1AE}.Release|Win32.ActiveCfg = Release|Win32
		{DA0851F1-857F-4608-B939-333C3481C1AE}.Release|Win32.Build.0 = Release|Win32
		{DA0851F1-857F-4608-B939-333C3481C1AE}.VSDebug|Win32.ActiveCfg = VSDebug|Win32
		{DA0851F1-857F-4608-B939-333C3481C1AE}.VSDebug|Win32.Build.0 = VSDebug|Win32
		{6887E27F-EC1B-4C62-825B-74FDDB0EE2C6}.Release|Win32.ActiveCfg = Release|Win32
		{6887E27F-EC1B-4C62-825B-74FDDB0EE2C6}.Release|Win32.Build.0 = Release|Win32
		{6887E27F-EC1B-4C62-825B-74FDDB0EE2C6}.VSDebug|Win32.ActiveCfg = VSDebug|Win32
		{6887E27F-EC1B-4C62-825B-74FDDB0EE2C6}.VSDebug|Win32.Build.0 = VSDebug|Win32
		{A6D3A867-F4F8-41E8-AB81-548CA4121DC7}.Release|Win32.ActiveCfg = Release|Win32
		{A6D3A867-F4F8-41E8-AB81-548CA4121DC7}.Release|Win32.Build.0 = Release|Win32
		{A6D3A867-F4F8-41E8-AB81-548CA4121DC7}.VSDebug|Win32.ActiveCfg = VSDebug|Win32
		{A6D3A867-F4F8-41E8-AB81-548CA4121DC7}.VSDebug|Win32.Build.0 = VSDebug|Win32
		{4D6CFA4F-B550-45FE-A779-E684B8B867A9}.Release|Win32.ActiveCfg = Release|Win32
		{4D6CFA4F-B550-45FE-A779-E684B8B867A9}.Release|Win32.Build.0 = Release|Win32
		{4D6CFA4F-B550-45FE-A779-E684B8B867A9}.VSDebug|Win32.ActiveCfg = VSDebug|Win32
		{4D6CFA4F-B550-45FE-A779-E684B8B867A9}.VSDebug|Win32.Build.0 = VSDebug|Win32
		{BD95D46F-F94F-4A0B-8FC5-B6822309D2F9}.Release|Win32.ActiveCfg = Release|Win32
		{BD95D46F-F94F-4A0B-8FC5-B6822309D2F9}.Release|Win32.Build.0 = Release|Win32
		{BD95D46F-F94F-4A0B-8FC5-B6822309D2F9}.VSDebug|Win32.ActiveCfg = VSDebug|Win32
		{BD95D46F-F94F-4A0B-8FC5-B6822309D2F9}.VSDebug|Win32.Build.0 = VSDebug|Win32
		{6CD21E7D-3C3C-4DDD-9F12-83229CCDF6C3}.Release|Win32.ActiveCfg = Release|Win32
		{6CD21E7D-3C3C-4DDD-9F12-83229CCDF6C3}.Release|Win32.Build.0 = Release|Win32
		{6CD21E7D-3C3C-4DDD-9F12-83229CCDF6C3}.VSDebug|Win32.ActiveCfg = VSDebug|Win32
		{6CD21E7D-3C3C-4DDD-9F12-83229CCDF6C3}.VSDebug|Win32.Build.0 = VSDebug|Win32
		{9DF074A3-4054-460E-9CDF-38F3C3353DF9}.Release|Win32.ActiveCfg = Release|Win32
		{9DF074A3-4054-460E-9CDF-38F3C3353DF9}.Release|Win32.Build.0 = Release|Win32
		{9DF074A3-4054-460E-9CDF-38F3C3353DF9}.VSDebug|Win32.ActiveCfg = VSDebug|Win32
		{9DF074A3-4054-460E-9CDF-38F3C3353DF9}.VSDebug|Win32.Build.0 = VSDebug|Win32
		{DF16B67B-F8E3-439B-A923-7B3F638112A1}.Release|Win32.ActiveCfg = Release|Win32
		{DF16B67B-F8E3-439B-A923-7B3F638112A1}.Release|Win32.Build.0 = Release|Win32
		{DF16B67B-F8E3-439B-A923-7B3F638112A1}.VSDebug|Win32.ActiveCfg = VSDebug|Win32
		{DF16B67B-F8E3-439B-A923-7B3F638112A1}.VSDebug|Win32.Build.0 = VSDebug|Win32
		{1CE1C85B-9E18-49AD-A4A6-02A56ED1F8EA}.Release|Win32.ActiveCfg = Release|Win32
		{1CE1C85B-9E18-49AD-A4A6-02A56ED1F8EA}.Release|Win32.Build.0 = Release|Win32
		{1CE1C85B-9E18-49AD-A4A6-02A56ED1F8EA}.VSDebug|Win32.ActiveCfg = VSDebug|Win32
		{1CE1C85B-9E18-49AD-A4A6-02A56ED1F8EA}.VSDebug|Win32.Build.0 = VSDebug|Win32
		{85A578FE-0B05-45C4-8EB3-15291FF90AC0}.Release|Win32.ActiveCfg = Release|Win32
		{85A578FE-0B05-45C4-8EB3-15291FF90AC0}.Release|Win32.Build.0 = Release|Win32
		{85A578FE-0B05-45C4-8EB3-15291FF90AC0}.VSDebug|Win32.ActiveCfg = VSDebug|Win32
		{85A578FE-0B05-45C4-8EB3-15291FF90AC0}.VSDebug|Win32.Build.0 = VSDebug|Win32
		{B9332DC8-7594-47DF-80C1-38922E0F4DFB}.Release|Win32.ActiveCfg = Release|Win32
		{B9332DC8-7594-47DF-80C1-38922E0F4DFB}.Release|Win32.Build.0 = Release|Win32
		{B9332DC8-7594-47DF-80C1-38922E0F4DFB}.VSDebug|Win32.ActiveCfg = VSDebug|Win32
		{B9332DC8-7594-47DF-80C1-38922E0F4DFB}.VSDebug|Win32.Build.0 = VSDebug|Win32
		{41CFAFBF-A1C8-4704-AFEF-31979E6452B9}.Release|Win32.ActiveCfg = Release|Win32
		{41CFAFBF-A1C8-4704-AFEF-31979E6452B9}.Release|Win32.Build.0 = Release|Win32
		{41CFAFBF-A1C8-4704-AFEF-31979E6452B9}.VSDebug|Win32.ActiveCfg = VSDebug|Win32
		{41CFAFBF-A1C8-4704-AFEF-31979E6452B9}.VSDebug|Win32.Build.0 = VSDebug|Win32
		{25C60507-39C6-4564-912D-DA2E7482A00F}.Release|Win32.ActiveCfg = Release|Win32
		{25C60507-39C6-4564-912D-DA2E7482A00F}.Release|Win32.Build.0 = Release|Win32
		{25C60507-39C6-4564-912D-DA2E7482A00F}.VSDebug|Win32.ActiveCfg = VSDebug|Win32
		{25C60507-39C6-4564-912D-DA2E7482A00F}.VSDebug|Win32.Build.0 = VSDebug|Win32
		{5304AD69-D449-4589-B2C9-E4607E56A51D}.Release|Win32.ActiveCfg = Release|Win32
		{5304AD69-D449-4589-B2C9-E4607E56A51D}.Release|Win32.Build.0 = Release|Win32
		{5304AD69-D449-4589-B2C9-E4607E56A51D}.VSDebug|Win32.ActiveCfg = VSDebug|Win32
		{5304AD69-D449-4589-B2C9-E4607E56A51D}.VSDebug|Win32.Build.0 = VSDebug|Win32
		{4C93BDD3-1804-47F3-9B34-F2DE0CAE1AE0}.Release|Win32.ActiveCfg = Release|Win32
		{4C93BDD3-1804-47F3-9B34-F2DE0CAE1AE0}.Release|Win32.Build.0 = Release|Win32
		{4C93BDD3-1804-47F3-9B34-F2DE0CAE1AE0}.VSDebug|Win32.ActiveCfg = VSDebug|Win32
		{4C93BDD3-1804-47F3-9B34-F2DE0CAE1AE0}.VSDebug|Win32.Build.0 = VSDebug|Win32
		{5411BF74-55D7-405A-BBEF-F20AB547947B}.Release|Win32.ActiveCfg = Release|Win32
		{5411BF74-55D7-405A-BBEF-F20AB547947B}.Release|Win32.Build.0 = Release|Win32
		{5411BF74-55D7-405A-BBEF-F20AB547947B}.VSDebug|Win32.ActiveCfg = VSDebug|Win32
		{5411BF74-55D7-405A-BBEF-F20AB547947B}.VSDebug|Win32.Build.0 = VSDebug|Win32
		{BD3A95FA-A3DE-4B79-A889-A7E5ECA4B69C}.Release|Win32.ActiveCfg = Release|Win32
		{BD3A95FA-A3DE-4B79-A889-A7E5ECA4B69C}.Release|Win32.Build.0 = Release|Win32
		{BD3A95FA-A3DE-4B79-A889-A7E5ECA4B69C}.VSDebug|Win32.ActiveCfg = VSDebug|Win32
		{BD3A95FA-A3DE-4B79-A889-A7E5ECA4B69C}.VSDebug|Win32.Build.0 = VSDebug|Win32
		{3FFB9C05-1145-45A7-9ADE-5C8D70FBD7CA}.Release|Win32.ActiveCfg = Release|Win32
		{3FFB9C05-1145-45A7-9ADE-5C8D70FBD7CA}.Release|Win32.Build.0 = Release|Win32
		{3FFB9C05-1145-45A7-9ADE-5C8D70FBD7CA}.VSDebug|Win32.ActiveCfg = VSDebug|Win32
		{3FFB9C05-1145-45A7-9ADE-5C8D70FBD7CA}.VSDebug|Win32.Build.0 = VSDebug|Win32
	EndGlobalSection
	GlobalSection(SolutionProperties) = preSolution
		HideSolutionNode = FALSE
	EndGlobalSection
EndGlobal
